{
  "name": "@meiji-academy/dev-utils",
  "version": "1.0.0",
  "lockfileVersion": 3,
  "requires": true,
  "packages": {
    "": {
      "name": "@meiji-academy/dev-utils",
      "version": "1.0.0",
      "license": "MIT",
      "bin": {
        "meiji-env-check": "bin/check-env.js"
      }
    }
  }
}
